
Microsoft Visual Studio Solution File, Format Version 12.00
# Visual Studio Version 16
VisualStudioVersion = 16.0.30517.126
MinimumVisualStudioVersion = 10.0.40219.1
Project("{FAE04EC0-301F-11D3-BF4B-00C04F79EFBC}") = "HowOldAreYou", "HowOldAreYou\HowOldAreYou.csproj", "{45186B9B-9886-4F71-B8F4-C38A2E3106FA}"
EndProject
Global
	GlobalSection(SolutionConfigurationPlatforms) = preSolution
		Debug|Any CPU = Debug|Any CPU
		Release|Any CPU = Release|Any CPU
	EndGlobalSection
	GlobalSection(ProjectConfigurationPlatforms) = postSolution
		{45186B9B-9886-4F71-B8F4-C38A2E3106FA}.Debug|Any CPU.ActiveCfg = Debug|Any CPU
		{45186B9B-9886-4F71-B8F4-C38A2E3106FA}.Debug|Any CPU.Build.0 = Debug|Any CPU
		{45186B9B-9886-4F71-B8F4-C38A2E3106FA}.Release|Any CPU.ActiveCfg = Release|Any CPU
		{45186B9B-9886-4F71-B8F4-C38A2E3106FA}.Release|Any CPU.Build.0 = Release|Any CPU
	EndGlobalSection
	GlobalSection(SolutionProperties) = preSolution
		HideSolutionNode = FALSE
	EndGlobalSection
	GlobalSection(ExtensibilityGlobals) = postSolution
		SolutionGuid = {18160DE4-157B-45EF-8806-476E33F20E2B}
	EndGlobalSection
EndGlobal
